
Microsoft Visual Studio Solution File, Format Version 12.00
# Visual Studio 15
VisualStudioVersion = 15.0.28010.2041
MinimumVisualStudioVersion = 10.0.40219.1
Project("{159641D6-6404-4A2A-AE62-294DE0FE8301}") = "Countries", "Countries\Countries.dtproj", "{0F1C8678-E453-44A1-A93C-D39729F0E61D}"
EndProject
Global
	GlobalSection(SolutionConfigurationPlatforms) = preSolution
		Development|Default = Development|Default
	EndGlobalSection
	GlobalSection(ProjectConfigurationPlatforms) = postSolution
		{0F1C8678-E453-44A1-A93C-D39729F0E61D}.Development|Default.ActiveCfg = Development
		{0F1C8678-E453-44A1-A93C-D39729F0E61D}.Development|Default.Build.0 = Development
	EndGlobalSection
	GlobalSection(SolutionProperties) = preSolution
		HideSolutionNode = FALSE
	EndGlobalSection
	GlobalSection(ExtensibilityGlobals) = postSolution
		SolutionGuid = {E10EA7AF-1278-44CA-95DF-A80643D317F1}
	EndGlobalSection
EndGlobal
